
Microsoft Visual Studio Solution File, Format Version 12.00
# Visual Studio Version 17
VisualStudioVersion = 17.2.32602.215
MinimumVisualStudioVersion = 10.0.40219.1
Project("{888888A0-9F3D-457C-B088-3A5042F75D52}") = "FirstPythonApplication", "FirstPythonApplication\FirstPythonApplication.pyproj", "{E6590ECB-0B31-4D30-8C47-0B5896B87133}"
EndProject
Global
	GlobalSection(SolutionConfigurationPlatforms) = preSolution
		Debug|Any CPU = Debug|Any CPU
		Release|Any CPU = Release|Any CPU
	EndGlobalSection
	GlobalSection(ProjectConfigurationPlatforms) = postSolution
		{E6590ECB-0B31-4D30-8C47-0B5896B87133}.Debug|Any CPU.ActiveCfg = Debug|Any CPU
		{E6590ECB-0B31-4D30-8C47-0B5896B87133}.Release|Any CPU.ActiveCfg = Release|Any CPU
	EndGlobalSection
	GlobalSection(SolutionProperties) = preSolution
		HideSolutionNode = FALSE
	EndGlobalSection
	GlobalSection(ExtensibilityGlobals) = postSolution
		SolutionGuid = {CE6FBB3F-F67A-4F33-BBCC-8BD62AA259B5}
	EndGlobalSection
EndGlobal
